
Microsoft Visual Studio Solution File, Format Version 10.00
# Visual Studio 2008
Project("{F14B399A-7131-4C87-9E4B-1186C45EF12D}") = "Billings_to_Rev_Recon", "Billings_to_Rev_Recon\Billings_to_Rev_Recon.rptproj", "{F574B9FB-C631-4C50-BBD2-331F2D86ACB8}"
EndProject
Global
	GlobalSection(SolutionConfigurationPlatforms) = preSolution
		Debug|Default = Debug|Default
		DebugLocal|Default = DebugLocal|Default
		Release|Default = Release|Default
	EndGlobalSection
	GlobalSection(ProjectConfigurationPlatforms) = postSolution
		{F574B9FB-C631-4C50-BBD2-331F2D86ACB8}.Debug|Default.ActiveCfg = Release
		{F574B9FB-C631-4C50-BBD2-331F2D86ACB8}.Debug|Default.Build.0 = Release
		{F574B9FB-C631-4C50-BBD2-331F2D86ACB8}.Debug|Default.Deploy.0 = Release
		{F574B9FB-C631-4C50-BBD2-331F2D86ACB8}.DebugLocal|Default.ActiveCfg = DebugLocal
		{F574B9FB-C631-4C50-BBD2-331F2D86ACB8}.DebugLocal|Default.Build.0 = DebugLocal
		{F574B9FB-C631-4C50-BBD2-331F2D86ACB8}.Release|Default.ActiveCfg = Release
		{F574B9FB-C631-4C50-BBD2-331F2D86ACB8}.Release|Default.Build.0 = Release
		{F574B9FB-C631-4C50-BBD2-331F2D86ACB8}.Release|Default.Deploy.0 = Release
	EndGlobalSection
	GlobalSection(SolutionProperties) = preSolution
		HideSolutionNode = FALSE
	EndGlobalSection
EndGlobal
