
Microsoft Visual Studio Solution File, Format Version 10.00
# Visual Studio 2008
Project("{D2ABAB84-BF74-430A-B69E-9DC6D40DDA17}") = "Adventure Works SSAS", "Adventure Works SSAS.dwproj", "{37250CE8-2D23-48B5-9E28-68DDA4CD016D}"
EndProject
Global
	GlobalSection(SolutionConfigurationPlatforms) = preSolution
		Development|Default = Development|Default
	EndGlobalSection
	GlobalSection(ProjectConfigurationPlatforms) = postSolution
		{37250CE8-2D23-48B5-9E28-68DDA4CD016D}.Development|Default.ActiveCfg = Development
		{37250CE8-2D23-48B5-9E28-68DDA4CD016D}.Development|Default.Build.0 = Development
		{37250CE8-2D23-48B5-9E28-68DDA4CD016D}.Development|Default.Deploy.0 = Development
	EndGlobalSection
	GlobalSection(SolutionProperties) = preSolution
		HideSolutionNode = FALSE
	EndGlobalSection
EndGlobal
