
Microsoft Visual Studio Solution File, Format Version 10.00
# Visual Studio 2008
Project("{F14B399A-7131-4C87-9E4B-1186C45EF12D}") = "FinanceReports", "FinanceReports.rptproj", "{7E59A1DA-7E83-4E55-BC27-897F60ED8E7C}"
EndProject
Global
	GlobalSection(SolutionConfigurationPlatforms) = preSolution
		Debug|Default = Debug|Default
		DebugLocal|Default = DebugLocal|Default
		Release|Default = Release|Default
	EndGlobalSection
	GlobalSection(ProjectConfigurationPlatforms) = postSolution
		{7E59A1DA-7E83-4E55-BC27-897F60ED8E7C}.Debug|Default.ActiveCfg = Debug
		{7E59A1DA-7E83-4E55-BC27-897F60ED8E7C}.Debug|Default.Build.0 = DebugLocal
		{7E59A1DA-7E83-4E55-BC27-897F60ED8E7C}.Debug|Default.Deploy.0 = DebugLocal
		{7E59A1DA-7E83-4E55-BC27-897F60ED8E7C}.DebugLocal|Default.ActiveCfg = DebugLocal
		{7E59A1DA-7E83-4E55-BC27-897F60ED8E7C}.DebugLocal|Default.Build.0 = DebugLocal
		{7E59A1DA-7E83-4E55-BC27-897F60ED8E7C}.Release|Default.ActiveCfg = Release
		{7E59A1DA-7E83-4E55-BC27-897F60ED8E7C}.Release|Default.Build.0 = Release
		{7E59A1DA-7E83-4E55-BC27-897F60ED8E7C}.Release|Default.Deploy.0 = Release
	EndGlobalSection
	GlobalSection(SolutionProperties) = preSolution
		HideSolutionNode = FALSE
	EndGlobalSection
EndGlobal
