
Microsoft Visual Studio Solution File, Format Version 10.00
# Visual Studio 2008
Project("{F14B399A-7131-4C87-9E4B-1186C45EF12D}") = "Eventive PNC Report", "Eventive PNC Report\Eventive PNC Report.rptproj", "{8D2A006F-495E-407A-B98D-D20F85C0C602}"
EndProject
Global
	GlobalSection(SolutionConfigurationPlatforms) = preSolution
		Debug|Default = Debug|Default
		DebugLocal|Default = DebugLocal|Default
		Release|Default = Release|Default
	EndGlobalSection
	GlobalSection(ProjectConfigurationPlatforms) = postSolution
		{8D2A006F-495E-407A-B98D-D20F85C0C602}.Debug|Default.ActiveCfg = Debug
		{8D2A006F-495E-407A-B98D-D20F85C0C602}.Debug|Default.Build.0 = DebugLocal
		{8D2A006F-495E-407A-B98D-D20F85C0C602}.Debug|Default.Deploy.0 = DebugLocal
		{8D2A006F-495E-407A-B98D-D20F85C0C602}.DebugLocal|Default.ActiveCfg = DebugLocal
		{8D2A006F-495E-407A-B98D-D20F85C0C602}.DebugLocal|Default.Build.0 = DebugLocal
		{8D2A006F-495E-407A-B98D-D20F85C0C602}.Release|Default.ActiveCfg = Release
		{8D2A006F-495E-407A-B98D-D20F85C0C602}.Release|Default.Build.0 = Release
		{8D2A006F-495E-407A-B98D-D20F85C0C602}.Release|Default.Deploy.0 = Release
	EndGlobalSection
	GlobalSection(SolutionProperties) = preSolution
		HideSolutionNode = FALSE
	EndGlobalSection
EndGlobal
