
Microsoft Visual Studio Solution File, Format Version 10.00
# Visual Studio 2008
Project("{F14B399A-7131-4C87-9E4B-1186C45EF12D}") = "User Group Audit", "User Group Audit\User Group Audit.rptproj", "{91DC9EC1-0CC6-4616-B5AA-76D4C7C077F8}"
EndProject
Global
	GlobalSection(SolutionConfigurationPlatforms) = preSolution
		Debug|Default = Debug|Default
		DebugLocal|Default = DebugLocal|Default
		Release|Default = Release|Default
	EndGlobalSection
	GlobalSection(ProjectConfigurationPlatforms) = postSolution
		{91DC9EC1-0CC6-4616-B5AA-76D4C7C077F8}.Debug|Default.ActiveCfg = Debug
		{91DC9EC1-0CC6-4616-B5AA-76D4C7C077F8}.Debug|Default.Build.0 = DebugLocal
		{91DC9EC1-0CC6-4616-B5AA-76D4C7C077F8}.Debug|Default.Deploy.0 = DebugLocal
		{91DC9EC1-0CC6-4616-B5AA-76D4C7C077F8}.DebugLocal|Default.ActiveCfg = DebugLocal
		{91DC9EC1-0CC6-4616-B5AA-76D4C7C077F8}.DebugLocal|Default.Build.0 = DebugLocal
		{91DC9EC1-0CC6-4616-B5AA-76D4C7C077F8}.Release|Default.ActiveCfg = Release
		{91DC9EC1-0CC6-4616-B5AA-76D4C7C077F8}.Release|Default.Build.0 = Release
		{91DC9EC1-0CC6-4616-B5AA-76D4C7C077F8}.Release|Default.Deploy.0 = Release
	EndGlobalSection
	GlobalSection(SolutionProperties) = preSolution
		HideSolutionNode = FALSE
	EndGlobalSection
EndGlobal
