
Microsoft Visual Studio Solution File, Format Version 10.00
# Visual Studio 2008
Project("{F14B399A-7131-4C87-9E4B-1186C45EF12D}") = "KPMG_Audit_Report", "KPMG_Audit_Report\KPMG_Audit_Report.rptproj", "{5048B7AA-16A5-4119-8DF4-31C4E45F192C}"
EndProject
Global
	GlobalSection(SolutionConfigurationPlatforms) = preSolution
		Debug|Default = Debug|Default
		DebugLocal|Default = DebugLocal|Default
		Release|Default = Release|Default
	EndGlobalSection
	GlobalSection(ProjectConfigurationPlatforms) = postSolution
		{5048B7AA-16A5-4119-8DF4-31C4E45F192C}.Debug|Default.ActiveCfg = Debug
		{5048B7AA-16A5-4119-8DF4-31C4E45F192C}.Debug|Default.Build.0 = DebugLocal
		{5048B7AA-16A5-4119-8DF4-31C4E45F192C}.Debug|Default.Deploy.0 = DebugLocal
		{5048B7AA-16A5-4119-8DF4-31C4E45F192C}.DebugLocal|Default.ActiveCfg = DebugLocal
		{5048B7AA-16A5-4119-8DF4-31C4E45F192C}.DebugLocal|Default.Build.0 = DebugLocal
		{5048B7AA-16A5-4119-8DF4-31C4E45F192C}.Release|Default.ActiveCfg = Release
		{5048B7AA-16A5-4119-8DF4-31C4E45F192C}.Release|Default.Build.0 = Release
		{5048B7AA-16A5-4119-8DF4-31C4E45F192C}.Release|Default.Deploy.0 = Release
	EndGlobalSection
	GlobalSection(SolutionProperties) = preSolution
		HideSolutionNode = FALSE
	EndGlobalSection
EndGlobal
