
Microsoft Visual Studio Solution File, Format Version 10.00
# Visual Studio 2008
Project("{F14B399A-7131-4C87-9E4B-1186C45EF12D}") = "Account Leadership FJR", "Account Leadership FJR\Account Leadership FJR.rptproj", "{D751DD60-C914-41DE-BAD1-D511CFD2E067}"
EndProject
Global
	GlobalSection(SolutionConfigurationPlatforms) = preSolution
		Debug|Default = Debug|Default
		DebugLocal|Default = DebugLocal|Default
		Release|Default = Release|Default
	EndGlobalSection
	GlobalSection(ProjectConfigurationPlatforms) = postSolution
		{D751DD60-C914-41DE-BAD1-D511CFD2E067}.Debug|Default.ActiveCfg = Debug
		{D751DD60-C914-41DE-BAD1-D511CFD2E067}.Debug|Default.Build.0 = DebugLocal
		{D751DD60-C914-41DE-BAD1-D511CFD2E067}.Debug|Default.Deploy.0 = DebugLocal
		{D751DD60-C914-41DE-BAD1-D511CFD2E067}.DebugLocal|Default.ActiveCfg = DebugLocal
		{D751DD60-C914-41DE-BAD1-D511CFD2E067}.DebugLocal|Default.Build.0 = DebugLocal
		{D751DD60-C914-41DE-BAD1-D511CFD2E067}.Release|Default.ActiveCfg = Release
		{D751DD60-C914-41DE-BAD1-D511CFD2E067}.Release|Default.Build.0 = Release
		{D751DD60-C914-41DE-BAD1-D511CFD2E067}.Release|Default.Deploy.0 = Release
	EndGlobalSection
	GlobalSection(SolutionProperties) = preSolution
		HideSolutionNode = FALSE
	EndGlobalSection
EndGlobal
